
Microsoft Visual Studio Solution File, Format Version 12.00
# Visual Studio Version 17
VisualStudioVersion = 17.11.35222.181
MinimumVisualStudioVersion = 10.0.40219.1
Project("{8BC9CEB8-8B4A-11D0-8D11-00A0C91BC942}") = "5.1", "5.1\5.1.vcxproj", "{FD148A30-3C95-4FAC-9B75-4C2EC924D824}"
EndProject
Project("{8BC9CEB8-8B4A-11D0-8D11-00A0C91BC942}") = "UnitTest2", "UnitTest2\UnitTest2.vcxproj", "{247C0B8C-FFF9-45F0-B229-5C514E39AEC1}"
EndProject
Global
	GlobalSection(SolutionConfigurationPlatforms) = preSolution
		Debug|x64 = Debug|x64
		Debug|x86 = Debug|x86
		Release|x64 = Release|x64
		Release|x86 = Release|x86
	EndGlobalSection
	GlobalSection(ProjectConfigurationPlatforms) = postSolution
		{FD148A30-3C95-4FAC-9B75-4C2EC924D824}.Debug|x64.ActiveCfg = Debug|x64
		{FD148A30-3C95-4FAC-9B75-4C2EC924D824}.Debug|x64.Build.0 = Debug|x64
		{FD148A30-3C95-4FAC-9B75-4C2EC924D824}.Debug|x86.ActiveCfg = Debug|Win32
		{FD148A30-3C95-4FAC-9B75-4C2EC924D824}.Debug|x86.Build.0 = Debug|Win32
		{FD148A30-3C95-4FAC-9B75-4C2EC924D824}.Release|x64.ActiveCfg = Release|x64
		{FD148A30-3C95-4FAC-9B75-4C2EC924D824}.Release|x64.Build.0 = Release|x64
		{FD148A30-3C95-4FAC-9B75-4C2EC924D824}.Release|x86.ActiveCfg = Release|Win32
		{FD148A30-3C95-4FAC-9B75-4C2EC924D824}.Release|x86.Build.0 = Release|Win32
		{247C0B8C-FFF9-45F0-B229-5C514E39AEC1}.Debug|x64.ActiveCfg = Debug|x64
		{247C0B8C-FFF9-45F0-B229-5C514E39AEC1}.Debug|x64.Build.0 = Debug|x64
		{247C0B8C-FFF9-45F0-B229-5C514E39AEC1}.Debug|x86.ActiveCfg = Debug|Win32
		{247C0B8C-FFF9-45F0-B229-5C514E39AEC1}.Debug|x86.Build.0 = Debug|Win32
		{247C0B8C-FFF9-45F0-B229-5C514E39AEC1}.Release|x64.ActiveCfg = Release|x64
		{247C0B8C-FFF9-45F0-B229-5C514E39AEC1}.Release|x64.Build.0 = Release|x64
		{247C0B8C-FFF9-45F0-B229-5C514E39AEC1}.Release|x86.ActiveCfg = Release|Win32
		{247C0B8C-FFF9-45F0-B229-5C514E39AEC1}.Release|x86.Build.0 = Release|Win32
	EndGlobalSection
	GlobalSection(SolutionProperties) = preSolution
		HideSolutionNode = FALSE
	EndGlobalSection
	GlobalSection(ExtensibilityGlobals) = postSolution
		SolutionGuid = {4CEBB7E6-929B-4CD8-A730-3BE87AEF0618}
	EndGlobalSection
EndGlobal
